<!-- SPDX-FileCopyrightText: 2026 Progmasoft <support@progmasoft.com> -->
<!-- SPDX-License-Identifier: AGPL-3.0-or-later WITH AdditionRef-Progmasoft-Patent-Grant-1.0 -->

<Solution>
  <Folder Name="/apps/">
    <Project Path="apps/api/Progmaweb.Api.csproj" />
    <Project Path="apps/api-tests/Progmaweb.Api.Tests.csproj" />
  </Folder>
</Solution>
